<?xml version="1.0" encoding="utf-8"?>
<Project ToolsVersion="4.0" xmlns="http://schemas.microsoft.com/developer/msbuild/2003">
  <ItemGroup>
    <Filter Include="Pliki zasobów">
      <UniqueIdentifier>{67DA6AB6-F800-4c08-8B7A-83BB121AAD01}</UniqueIdentifier>
      <Extensions>rc;ico;cur;bmp;dlg;rc2;rct;bin;rgs;gif;jpg;jpeg;jpe;resx;tiff;tif;png;wav;mfcribbon-ms</Extensions>
    </Filter>
    <Filter Include="Headers">
      <UniqueIdentifier>{e79cd1bb-f187-4b25-81e2-f5d72f9589f8}</UniqueIdentifier>
    </Filter>
    <Filter Include="Sources">
      <UniqueIdentifier>{2650df9b-2eff-43f0-adf3-4a05877939c6}</UniqueIdentifier>
    </Filter>
  </ItemGroup>
  <ItemGroup>
    <ClInclude Include="include\Customer.h">
      <Filter>Headers</Filter>
    </ClInclude>
    <ClInclude Include="include\Database.h">
      <Filter>Headers</Filter>
    </ClInclude>
    <ClInclude Include="include\Delivery.h">
      <Filter>Headers</Filter>
    </ClInclude>
    <ClInclude Include="include\Employee.h">
      <Filter>Headers</Filter>
    </ClInclude>
    <ClInclude Include="include\Fruit.h">
      <Filter>Headers</Filter>
    </ClInclude>
    <ClInclude Include="include\Order.h">
      <Filter>Headers</Filter>
    </ClInclude>
    <ClInclude Include="include\Payment.h">
      <Filter>Headers</Filter>
    </ClInclude>
    <ClInclude Include="include\Person.h">
      <Filter>Headers</Filter>
    </ClInclude>
    <ClInclude Include="include\Storage.h">
      <Filter>Headers</Filter>
    </ClInclude>
    <ClInclude Include="include\Supplier.h">
      <Filter>Headers</Filter>
    </ClInclude>
  </ItemGroup>
  <ItemGroup>
    <ClCompile Include="src\Customer.cpp">
      <Filter>Sources</Filter>
    </ClCompile>
    <ClCompile Include="src\Database.cpp">
      <Filter>Sources</Filter>
    </ClCompile>
    <ClCompile Include="src\Delivery.cpp">
      <Filter>Sources</Filter>
    </ClCompile>
    <ClCompile Include="src\Employee.cpp">
      <Filter>Sources</Filter>
    </ClCompile>
    <ClCompile Include="src\Fruit.cpp">
      <Filter>Sources</Filter>
    </ClCompile>
    <ClCompile Include="src\main.cpp">
      <Filter>Sources</Filter>
    </ClCompile>
    <ClCompile Include="src\Order.cpp">
      <Filter>Sources</Filter>
    </ClCompile>
    <ClCompile Include="src\Payment.cpp">
      <Filter>Sources</Filter>
    </ClCompile>
    <ClCompile Include="src\Person.cpp">
      <Filter>Sources</Filter>
    </ClCompile>
    <ClCompile Include="src\Storage.cpp">
      <Filter>Sources</Filter>
    </ClCompile>
    <ClCompile Include="src\Supplier.cpp">
      <Filter>Sources</Filter>
    </ClCompile>
  </ItemGroup>
</Project>